
Microsoft Visual Studio Solution File, Format Version 12.00
# Visual Studio Version 16
VisualStudioVersion = 16.0.30804.86
MinimumVisualStudioVersion = 10.0.40219.1
Project("{FAE04EC0-301F-11D3-BF4B-00C04F79EFBC}") = "SkillUpgrades", "SkillUpgrades\SkillUpgrades.csproj", "{4C5E38F7-305C-42F7-A7D0-6029C13CEC4B}"
EndProject
Global
	GlobalSection(SolutionConfigurationPlatforms) = preSolution
		Debug|Any CPU = Debug|Any CPU
		Release|Any CPU = Release|Any CPU
	EndGlobalSection
	GlobalSection(ProjectConfigurationPlatforms) = postSolution
		{4C5E38F7-305C-42F7-A7D0-6029C13CEC4B}.Debug|Any CPU.ActiveCfg = Debug|Any CPU
		{4C5E38F7-305C-42F7-A7D0-6029C13CEC4B}.Debug|Any CPU.Build.0 = Debug|Any CPU
		{4C5E38F7-305C-42F7-A7D0-6029C13CEC4B}.Release|Any CPU.ActiveCfg = Release|Any CPU
		{4C5E38F7-305C-42F7-A7D0-6029C13CEC4B}.Release|Any CPU.Build.0 = Release|Any CPU
	EndGlobalSection
	GlobalSection(SolutionProperties) = preSolution
		HideSolutionNode = FALSE
	EndGlobalSection
	GlobalSection(ExtensibilityGlobals) = postSolution
		SolutionGuid = {55FF8180-CA09-4437-8FCC-2C558AD25E9D}
	EndGlobalSection
EndGlobal
